// !$*UTF8*$!
{
	archiveVersion = 1;
	classes = {
	};
	objectVersion = 55;
	objects = {

/* Begin PBXBuildFile section */
		0ACDE5CA27BA6C97004A5930 /* GoogleService-Info-3.plist in Resources */ = {isa = PBXBuildFile; fileRef = 0ACDE5C927BA6C97004A5930 /* GoogleService-Info-3.plist */; };
		0ACDE5CD27BA6EBA004A5930 /* FirebaseAnalytics in Frameworks */ = {isa = PBXBuildFile; productRef = 0ACDE5CC27BA6EBA004A5930 /* FirebaseAnalytics */; };
		0ACDE5CF27BA6EBA004A5930 /* FirebaseAuth in Frameworks */ = {isa = PBXBuildFile; productRef = 0ACDE5CE27BA6EBA004A5930 /* FirebaseAuth */; };
		0ACDE5D127BA6EBA004A5930 /* FirebaseCrashlytics in Frameworks */ = {isa = PBXBuildFile; productRef = 0ACDE5D027BA6EBA004A5930 /* FirebaseCrashlytics */; };
		0ACDE5D327BA6EBA004A5930 /* FirebaseDatabase in Frameworks */ = {isa = PBXBuildFile; productRef = 0ACDE5D227BA6EBA004A5930 /* FirebaseDatabase */; };
		0ACDE5D527BA6EBA004A5930 /* FirebaseFirestore in Frameworks */ = {isa = PBXBuildFile; productRef = 0ACDE5D427BA6EBA004A5930 /* FirebaseFirestore */; };
		0ACDE5D727BA6EBA004A5930 /* FirebaseInAppMessaging-Beta in Frameworks */ = {isa = PBXBuildFile; productRef = 0ACDE5D627BA6EBA004A5930 /* FirebaseInAppMessaging-Beta */; };
		0ACDE5D927BA6EBA004A5930 /* FirebaseInAppMessagingSwift-Beta in Frameworks */ = {isa = PBXBuildFile; productRef = 0ACDE5D827BA6EBA004A5930 /* FirebaseInAppMessagingSwift-Beta */; };
		0ACDE5DB27BA6EBA004A5930 /* FirebaseStorage in Frameworks */ = {isa = PBXBuildFile; productRef = 0ACDE5DA27BA6EBA004A5930 /* FirebaseStorage */; };
		FF03867F27BA653E0000A7C9 /* SeedlinksApp.swift in Sources */ = {isa = PBXBuildFile; fileRef = FF03867E27BA653E0000A7C9 /* SeedlinksApp.swift */; };
		FF03868127BA653E0000A7C9 /* MapView.swift in Sources */ = {isa = PBXBuildFile; fileRef = FF03868027BA653E0000A7C9 /* MapView.swift */; };
		FF03868327BA65400000A7C9 /* Assets.xcassets in Resources */ = {isa = PBXBuildFile; fileRef = FF03868227BA65400000A7C9 /* Assets.xcassets */; };
		FF03868627BA65400000A7C9 /* Preview Assets.xcassets in Resources */ = {isa = PBXBuildFile; fileRef = FF03868527BA65400000A7C9 /* Preview Assets.xcassets */; };
		FF03869127BA7A210000A7C9 /* Prova.swift in Sources */ = {isa = PBXBuildFile; fileRef = FF03869027BA7A210000A7C9 /* Prova.swift */; };
		FF03869327BA99980000A7C9 /* GardenView.swift in Sources */ = {isa = PBXBuildFile; fileRef = FF03869227BA99980000A7C9 /* GardenView.swift */; };
		FF03869527BAA35A0000A7C9 /* MessageView.swift in Sources */ = {isa = PBXBuildFile; fileRef = FF03869427BAA35A0000A7C9 /* MessageView.swift */; };
		FF03869727BAAEF80000A7C9 /* Tab.swift in Sources */ = {isa = PBXBuildFile; fileRef = FF03869627BAAEF80000A7C9 /* Tab.swift */; };
		FF03869927BAB6B50000A7C9 /* ListView.swift in Sources */ = {isa = PBXBuildFile; fileRef = FF03869827BAB6B40000A7C9 /* ListView.swift */; };
/* End PBXBuildFile section */

/* Begin PBXFileReference section */
		0ACDE5C927BA6C97004A5930 /* GoogleService-Info-3.plist */ = {isa = PBXFileReference; fileEncoding = 4; lastKnownFileType = text.plist.xml; path = "GoogleService-Info-3.plist"; sourceTree = "<group>"; };
		FF03867B27BA653E0000A7C9 /* Seedlinks.app */ = {isa = PBXFileReference; explicitFileType = wrapper.application; includeInIndex = 0; path = Seedlinks.app; sourceTree = BUILT_PRODUCTS_DIR; };
		FF03867E27BA653E0000A7C9 /* SeedlinksApp.swift */ = {isa = PBXFileReference; lastKnownFileType = sourcecode.swift; path = SeedlinksApp.swift; sourceTree = "<group>"; };
		FF03868027BA653E0000A7C9 /* MapView.swift */ = {isa = PBXFileReference; lastKnownFileType = sourcecode.swift; path = MapView.swift; sourceTree = "<group>"; };
		FF03868227BA65400000A7C9 /* Assets.xcassets */ = {isa = PBXFileReference; lastKnownFileType = folder.assetcatalog; path = Assets.xcassets; sourceTree = "<group>"; };
		FF03868527BA65400000A7C9 /* Preview Assets.xcassets */ = {isa = PBXFileReference; lastKnownFileType = folder.assetcatalog; path = "Preview Assets.xcassets"; sourceTree = "<group>"; };
		FF03869027BA7A210000A7C9 /* Prova.swift */ = {isa = PBXFileReference; lastKnownFileType = sourcecode.swift; path = Prova.swift; sourceTree = "<group>"; };
		FF03869227BA99980000A7C9 /* GardenView.swift */ = {isa = PBXFileReference; lastKnownFileType = sourcecode.swift; path = GardenView.swift; sourceTree = "<group>"; };
		FF03869427BAA35A0000A7C9 /* MessageView.swift */ = {isa = PBXFileReference; lastKnownFileType = sourcecode.swift; path = MessageView.swift; sourceTree = "<group>"; };
		FF03869627BAAEF80000A7C9 /* Tab.swift */ = {isa = PBXFileReference; lastKnownFileType = sourcecode.swift; path = Tab.swift; sourceTree = "<group>"; };
		FF03869827BAB6B40000A7C9 /* ListView.swift */ = {isa = PBXFileReference; lastKnownFileType = sourcecode.swift; path = ListView.swift; sourceTree = "<group>"; };
/* End PBXFileReference section */

/* Begin PBXFrameworksBuildPhase section */
		FF03867827BA653E0000A7C9 /* Frameworks */ = {
			isa = PBXFrameworksBuildPhase;
			buildActionMask = 2147483647;
			files = (
				0ACDE5D127BA6EBA004A5930 /* FirebaseCrashlytics in Frameworks */,
				0ACDE5CD27BA6EBA004A5930 /* FirebaseAnalytics in Frameworks */,
				0ACDE5D927BA6EBA004A5930 /* FirebaseInAppMessagingSwift-Beta in Frameworks */,
				0ACDE5D327BA6EBA004A5930 /* FirebaseDatabase in Frameworks */,
				0ACDE5D527BA6EBA004A5930 /* FirebaseFirestore in Frameworks */,
				0ACDE5DB27BA6EBA004A5930 /* FirebaseStorage in Frameworks */,
				0ACDE5CF27BA6EBA004A5930 /* FirebaseAuth in Frameworks */,
				0ACDE5D727BA6EBA004A5930 /* FirebaseInAppMessaging-Beta in Frameworks */,
			);
			runOnlyForDeploymentPostprocessing = 0;
		};
/* End PBXFrameworksBuildPhase section */

/* Begin PBXGroup section */
		FF03867227BA653E0000A7C9 = {
			isa = PBXGroup;
			children = (
				FF03867D27BA653E0000A7C9 /* Seedlinks */,
				FF03867C27BA653E0000A7C9 /* Products */,
			);
			sourceTree = "<group>";
		};
		FF03867C27BA653E0000A7C9 /* Products */ = {
			isa = PBXGroup;
			children = (
				FF03867B27BA653E0000A7C9 /* Seedlinks.app */,
			);
			name = Products;
			sourceTree = "<group>";
		};
		FF03867D27BA653E0000A7C9 /* Seedlinks */ = {
			isa = PBXGroup;
			children = (
				0ACDE5C927BA6C97004A5930 /* GoogleService-Info-3.plist */,
				FF03867E27BA653E0000A7C9 /* SeedlinksApp.swift */,
				FF03868E27BA65B00000A7C9 /* ViewModel */,
				FF03868C27BA65930000A7C9 /* Model */,
				FF03868D27BA659C0000A7C9 /* View */,
				FF03868227BA65400000A7C9 /* Assets.xcassets */,
				FF03868427BA65400000A7C9 /* Preview Content */,
			);
			path = Seedlinks;
			sourceTree = "<group>";
		};
		FF03868427BA65400000A7C9 /* Preview Content */ = {
			isa = PBXGroup;
			children = (
				FF03868527BA65400000A7C9 /* Preview Assets.xcassets */,
			);
			path = "Preview Content";
			sourceTree = "<group>";
		};
		FF03868C27BA65930000A7C9 /* Model */ = {
			isa = PBXGroup;
			children = (
			);
			path = Model;
			sourceTree = "<group>";
		};
		FF03868D27BA659C0000A7C9 /* View */ = {
			isa = PBXGroup;
			children = (
				FF03868027BA653E0000A7C9 /* MapView.swift */,
				FF03869227BA99980000A7C9 /* GardenView.swift */,
				FF03869427BAA35A0000A7C9 /* MessageView.swift */,
				FF03869627BAAEF80000A7C9 /* Tab.swift */,
				FF03869827BAB6B40000A7C9 /* ListView.swift */,
			);
			path = View;
			sourceTree = "<group>";
		};
		FF03868E27BA65B00000A7C9 /* ViewModel */ = {
			isa = PBXGroup;
			children = (
				FF03869027BA7A210000A7C9 /* Prova.swift */,
			);
			path = ViewModel;
			sourceTree = "<group>";
		};
/* End PBXGroup section */

/* Begin PBXNativeTarget section */
		FF03867A27BA653E0000A7C9 /* Seedlinks */ = {
			isa = PBXNativeTarget;
			buildConfigurationList = FF03868927BA65400000A7C9 /* Build configuration list for PBXNativeTarget "Seedlinks" */;
			buildPhases = (
				FF03867727BA653E0000A7C9 /* Sources */,
				FF03867827BA653E0000A7C9 /* Frameworks */,
				FF03867927BA653E0000A7C9 /* Resources */,
			);
			buildRules = (
			);
			dependencies = (
			);
			name = Seedlinks;
			packageProductDependencies = (
				0ACDE5CC27BA6EBA004A5930 /* FirebaseAnalytics */,
				0ACDE5CE27BA6EBA004A5930 /* FirebaseAuth */,
				0ACDE5D027BA6EBA004A5930 /* FirebaseCrashlytics */,
				0ACDE5D227BA6EBA004A5930 /* FirebaseDatabase */,
				0ACDE5D427BA6EBA004A5930 /* FirebaseFirestore */,
				0ACDE5D627BA6EBA004A5930 /* FirebaseInAppMessaging-Beta */,
				0ACDE5D827BA6EBA004A5930 /* FirebaseInAppMessagingSwift-Beta */,
				0ACDE5DA27BA6EBA004A5930 /* FirebaseStorage */,
			);
			productName = Seedlinks;
			productReference = FF03867B27BA653E0000A7C9 /* Seedlinks.app */;
			productType = "com.apple.product-type.application";
		};
/* End PBXNativeTarget section */

/* Begin PBXProject section */
		FF03867327BA653E0000A7C9 /* Project object */ = {
			isa = PBXProject;
			attributes = {
				BuildIndependentTargetsInParallel = 1;
				LastSwiftUpdateCheck = 1320;
				LastUpgradeCheck = 1320;
				TargetAttributes = {
					FF03867A27BA653E0000A7C9 = {
						CreatedOnToolsVersion = 13.2.1;
					};
				};
			};
			buildConfigurationList = FF03867627BA653E0000A7C9 /* Build configuration list for PBXProject "Seedlinks" */;
			compatibilityVersion = "Xcode 13.0";
			developmentRegion = en;
			hasScannedForEncodings = 0;
			knownRegions = (
				en,
				Base,
			);
			mainGroup = FF03867227BA653E0000A7C9;
			packageReferences = (
				0ACDE5CB27BA6EBA004A5930 /* XCRemoteSwiftPackageReference "firebase-ios-sdk" */,
			);
			productRefGroup = FF03867C27BA653E0000A7C9 /* Products */;
			projectDirPath = "";
			projectRoot = "";
			targets = (
				FF03867A27BA653E0000A7C9 /* Seedlinks */,
			);
		};
/* End PBXProject section */

/* Begin PBXResourcesBuildPhase section */
		FF03867927BA653E0000A7C9 /* Resources */ = {
			isa = PBXResourcesBuildPhase;
			buildActionMask = 2147483647;
			files = (
				FF03868627BA65400000A7C9 /* Preview Assets.xcassets in Resources */,
				0ACDE5CA27BA6C97004A5930 /* GoogleService-Info-3.plist in Resources */,
				FF03868327BA65400000A7C9 /* Assets.xcassets in Resources */,
			);
			runOnlyForDeploymentPostprocessing = 0;
		};
/* End PBXResourcesBuildPhase section */

/* Begin PBXSourcesBuildPhase section */
		FF03867727BA653E0000A7C9 /* Sources */ = {
			isa = PBXSourcesBuildPhase;
			buildActionMask = 2147483647;
			files = (
				FF03868127BA653E0000A7C9 /* MapView.swift in Sources */,
				FF03867F27BA653E0000A7C9 /* SeedlinksApp.swift in Sources */,
				FF03869127BA7A210000A7C9 /* Prova.swift in Sources */,
				FF03869927BAB6B50000A7C9 /* ListView.swift in Sources */,
				FF03869727BAAEF80000A7C9 /* Tab.swift in Sources */,
				FF03869327BA99980000A7C9 /* GardenView.swift in Sources */,
				FF03869527BAA35A0000A7C9 /* MessageView.swift in Sources */,
			);
			runOnlyForDeploymentPostprocessing = 0;
		};
/* End PBXSourcesBuildPhase section */

/* Begin XCBuildConfiguration section */
		FF03868727BA65400000A7C9 /* Debug */ = {
			isa = XCBuildConfiguration;
			buildSettings = {
				ALWAYS_SEARCH_USER_PATHS = NO;
				CLANG_ANALYZER_NONNULL = YES;
				CLANG_ANALYZER_NUMBER_OBJECT_CONVERSION = YES_AGGRESSIVE;
				CLANG_CXX_LANGUAGE_STANDARD = "gnu++17";
				CLANG_CXX_LIBRARY = "libc++";
				CLANG_ENABLE_MODULES = YES;
				CLANG_ENABLE_OBJC_ARC = YES;
				CLANG_ENABLE_OBJC_WEAK = YES;
				CLANG_WARN_BLOCK_CAPTURE_AUTORELEASING = YES;
				CLANG_WARN_BOOL_CONVERSION = YES;
				CLANG_WARN_COMMA = YES;
				CLANG_WARN_CONSTANT_CONVERSION = YES;
				CLANG_WARN_DEPRECATED_OBJC_IMPLEMENTATIONS = YES;
				CLANG_WARN_DIRECT_OBJC_ISA_USAGE = YES_ERROR;
				CLANG_WARN_DOCUMENTATION_COMMENTS = YES;
				CLANG_WARN_EMPTY_BODY = YES;
				CLANG_WARN_ENUM_CONVERSION = YES;
				CLANG_WARN_INFINITE_RECURSION = YES;
				CLANG_WARN_INT_CONVERSION = YES;
				CLANG_WARN_NON_LITERAL_NULL_CONVERSION = YES;
				CLANG_WARN_OBJC_IMPLICIT_RETAIN_SELF = YES;
				CLANG_WARN_OBJC_LITERAL_CONVERSION = YES;
				CLANG_WARN_OBJC_ROOT_CLASS = YES_ERROR;
				CLANG_WARN_QUOTED_INCLUDE_IN_FRAMEWORK_HEADER = YES;
				CLANG_WARN_RANGE_LOOP_ANALYSIS = YES;
				CLANG_WARN_STRICT_PROTOTYPES = YES;
				CLANG_WARN_SUSPICIOUS_MOVE = YES;
				CLANG_WARN_UNGUARDED_AVAILABILITY = YES_AGGRESSIVE;
				CLANG_WARN_UNREACHABLE_CODE = YES;
				CLANG_WARN__DUPLICATE_METHOD_MATCH = YES;
				COPY_PHASE_STRIP = NO;
				DEBUG_INFORMATION_FORMAT = dwarf;
				ENABLE_STRICT_OBJC_MSGSEND = YES;
				ENABLE_TESTABILITY = YES;
				GCC_C_LANGUAGE_STANDARD = gnu11;
				GCC_DYNAMIC_NO_PIC = NO;
				GCC_NO_COMMON_BLOCKS = YES;
				GCC_OPTIMIZATION_LEVEL = 0;
				GCC_PREPROCESSOR_DEFINITIONS = (
					"DEBUG=1",
					"$(inherited)",
				);
				GCC_WARN_64_TO_32_BIT_CONVERSION = YES;
				GCC_WARN_ABOUT_RETURN_TYPE = YES_ERROR;
				GCC_WARN_UNDECLARED_SELECTOR = YES;
				GCC_WARN_UNINITIALIZED_AUTOS = YES_AGGRESSIVE;
				GCC_WARN_UNUSED_FUNCTION = YES;
				GCC_WARN_UNUSED_VARIABLE = YES;
				IPHONEOS_DEPLOYMENT_TARGET = 15.2;
				MTL_ENABLE_DEBUG_INFO = INCLUDE_SOURCE;
				MTL_FAST_MATH = YES;
				ONLY_ACTIVE_ARCH = YES;
				SDKROOT = iphoneos;
				SWIFT_ACTIVE_COMPILATION_CONDITIONS = DEBUG;
				SWIFT_OPTIMIZATION_LEVEL = "-Onone";
			};
			name = Debug;
		};
		FF03868827BA65400000A7C9 /* Release */ = {
			isa = XCBuildConfiguration;
			buildSettings = {
				ALWAYS_SEARCH_USER_PATHS = NO;
				CLANG_ANALYZER_NONNULL = YES;
				CLANG_ANALYZER_NUMBER_OBJECT_CONVERSION = YES_AGGRESSIVE;
				CLANG_CXX_LANGUAGE_STANDARD = "gnu++17";
				CLANG_CXX_LIBRARY = "libc++";
				CLANG_ENABLE_MODULES = YES;
				CLANG_ENABLE_OBJC_ARC = YES;
				CLANG_ENABLE_OBJC_WEAK = YES;
				CLANG_WARN_BLOCK_CAPTURE_AUTORELEASING = YES;
				CLANG_WARN_BOOL_CONVERSION = YES;
				CLANG_WARN_COMMA = YES;
				CLANG_WARN_CONSTANT_CONVERSION = YES;
				CLANG_WARN_DEPRECATED_OBJC_IMPLEMENTATIONS = YES;
				CLANG_WARN_DIRECT_OBJC_ISA_USAGE = YES_ERROR;
				CLANG_WARN_DOCUMENTATION_COMMENTS = YES;
				CLANG_WARN_EMPTY_BODY = YES;
				CLANG_WARN_ENUM_CONVERSION = YES;
				CLANG_WARN_INFINITE_RECURSION = YES;
				CLANG_WARN_INT_CONVERSION = YES;
				CLANG_WARN_NON_LITERAL_NULL_CONVERSION = YES;
				CLANG_WARN_OBJC_IMPLICIT_RETAIN_SELF = YES;
				CLANG_WARN_OBJC_LITERAL_CONVERSION = YES;
				CLANG_WARN_OBJC_ROOT_CLASS = YES_ERROR;
				CLANG_WARN_QUOTED_INCLUDE_IN_FRAMEWORK_HEADER = YES;
				CLANG_WARN_RANGE_LOOP_ANALYSIS = YES;
				CLANG_WARN_STRICT_PROTOTYPES = YES;
				CLANG_WARN_SUSPICIOUS_MOVE = YES;
				CLANG_WARN_UNGUARDED_AVAILABILITY = YES_AGGRESSIVE;
				CLANG_WARN_UNREACHABLE_CODE = YES;
				CLANG_WARN__DUPLICATE_METHOD_MATCH = YES;
				COPY_PHASE_STRIP = NO;
				DEBUG_INFORMATION_FORMAT = "dwarf-with-dsym";
				ENABLE_NS_ASSERTIONS = NO;
				ENABLE_STRICT_OBJC_MSGSEND = YES;
				GCC_C_LANGUAGE_STANDARD = gnu11;
				GCC_NO_COMMON_BLOCKS = YES;
				GCC_WARN_64_TO_32_BIT_CONVERSION = YES;
				GCC_WARN_ABOUT_RETURN_TYPE = YES_ERROR;
				GCC_WARN_UNDECLARED_SELECTOR = YES;
				GCC_WARN_UNINITIALIZED_AUTOS = YES_AGGRESSIVE;
				GCC_WARN_UNUSED_FUNCTION = YES;
				GCC_WARN_UNUSED_VARIABLE = YES;
				IPHONEOS_DEPLOYMENT_TARGET = 15.2;
				MTL_ENABLE_DEBUG_INFO = NO;
				MTL_FAST_MATH = YES;
				SDKROOT = iphoneos;
				SWIFT_COMPILATION_MODE = wholemodule;
				SWIFT_OPTIMIZATION_LEVEL = "-O";
				VALIDATE_PRODUCT = YES;
			};
			name = Release;
		};
		FF03868A27BA65400000A7C9 /* Debug */ = {
			isa = XCBuildConfiguration;
			buildSettings = {
				ASSETCATALOG_COMPILER_APPICON_NAME = AppIcon;
				ASSETCATALOG_COMPILER_GLOBAL_ACCENT_COLOR_NAME = AccentColor;
				CODE_SIGN_STYLE = Automatic;
				CURRENT_PROJECT_VERSION = 1;
				DEVELOPMENT_ASSET_PATHS = "\"Seedlinks/Preview Content\"";
				DEVELOPMENT_TEAM = 55H4ABU399;
				ENABLE_PREVIEWS = YES;
				GENERATE_INFOPLIST_FILE = YES;
				INFOPLIST_KEY_UIApplicationSceneManifest_Generation = YES;
				INFOPLIST_KEY_UIApplicationSupportsIndirectInputEvents = YES;
				INFOPLIST_KEY_UILaunchScreen_Generation = YES;
				INFOPLIST_KEY_UISupportedInterfaceOrientations_iPad = "UIInterfaceOrientationPortrait UIInterfaceOrientationPortraitUpsideDown UIInterfaceOrientationLandscapeLeft UIInterfaceOrientationLandscapeRight";
				INFOPLIST_KEY_UISupportedInterfaceOrientations_iPhone = "UIInterfaceOrientationPortrait UIInterfaceOrientationLandscapeLeft UIInterfaceOrientationLandscapeRight";
				LD_RUNPATH_SEARCH_PATHS = (
					"$(inherited)",
					"@executable_path/Frameworks",
				);
				MARKETING_VERSION = 1.0;
				PRODUCT_BUNDLE_IDENTIFIER = Ivo.Seedlinks;
				PRODUCT_NAME = "$(TARGET_NAME)";
				SWIFT_EMIT_LOC_STRINGS = YES;
				SWIFT_VERSION = 5.0;
				TARGETED_DEVICE_FAMILY = "1,2";
			};
			name = Debug;
		};
		FF03868B27BA65400000A7C9 /* Release */ = {
			isa = XCBuildConfiguration;
			buildSettings = {
				ASSETCATALOG_COMPILER_APPICON_NAME = AppIcon;
				ASSETCATALOG_COMPILER_GLOBAL_ACCENT_COLOR_NAME = AccentColor;
				CODE_SIGN_STYLE = Automatic;
				CURRENT_PROJECT_VERSION = 1;
				DEVELOPMENT_ASSET_PATHS = "\"Seedlinks/Preview Content\"";
				DEVELOPMENT_TEAM = 55H4ABU399;
				ENABLE_PREVIEWS = YES;
				GENERATE_INFOPLIST_FILE = YES;
				INFOPLIST_KEY_UIApplicationSceneManifest_Generation = YES;
				INFOPLIST_KEY_UIApplicationSupportsIndirectInputEvents = YES;
				INFOPLIST_KEY_UILaunchScreen_Generation = YES;
				INFOPLIST_KEY_UISupportedInterfaceOrientations_iPad = "UIInterfaceOrientationPortrait UIInterfaceOrientationPortraitUpsideDown UIInterfaceOrientationLandscapeLeft UIInterfaceOrientationLandscapeRight";
				INFOPLIST_KEY_UISupportedInterfaceOrientations_iPhone = "UIInterfaceOrientationPortrait UIInterfaceOrientationLandscapeLeft UIInterfaceOrientationLandscapeRight";
				LD_RUNPATH_SEARCH_PATHS = (
					"$(inherited)",
					"@executable_path/Frameworks",
				);
				MARKETING_VERSION = 1.0;
				PRODUCT_BUNDLE_IDENTIFIER = Ivo.Seedlinks;
				PRODUCT_NAME = "$(TARGET_NAME)";
				SWIFT_EMIT_LOC_STRINGS = YES;
				SWIFT_VERSION = 5.0;
				TARGETED_DEVICE_FAMILY = "1,2";
			};
			name = Release;
		};
/* End XCBuildConfiguration section */

/* Begin XCConfigurationList section */
		FF03867627BA653E0000A7C9 /* Build configuration list for PBXProject "Seedlinks" */ = {
			isa = XCConfigurationList;
			buildConfigurations = (
				FF03868727BA65400000A7C9 /* Debug */,
				FF03868827BA65400000A7C9 /* Release */,
			);
			defaultConfigurationIsVisible = 0;
			defaultConfigurationName = Release;
		};
		FF03868927BA65400000A7C9 /* Build configuration list for PBXNativeTarget "Seedlinks" */ = {
			isa = XCConfigurationList;
			buildConfigurations = (
				FF03868A27BA65400000A7C9 /* Debug */,
				FF03868B27BA65400000A7C9 /* Release */,
			);
			defaultConfigurationIsVisible = 0;
			defaultConfigurationName = Release;
		};
/* End XCConfigurationList section */

/* Begin XCRemoteSwiftPackageReference section */
		0ACDE5CB27BA6EBA004A5930 /* XCRemoteSwiftPackageReference "firebase-ios-sdk" */ = {
			isa = XCRemoteSwiftPackageReference;
			repositoryURL = "https://github.com/firebase/firebase-ios-sdk";
			requirement = {
				kind = upToNextMajorVersion;
				minimumVersion = 8.0.0;
			};
		};
/* End XCRemoteSwiftPackageReference section */

/* Begin XCSwiftPackageProductDependency section */
		0ACDE5CC27BA6EBA004A5930 /* FirebaseAnalytics */ = {
			isa = XCSwiftPackageProductDependency;
			package = 0ACDE5CB27BA6EBA004A5930 /* XCRemoteSwiftPackageReference "firebase-ios-sdk" */;
			productName = FirebaseAnalytics;
		};
		0ACDE5CE27BA6EBA004A5930 /* FirebaseAuth */ = {
			isa = XCSwiftPackageProductDependency;
			package = 0ACDE5CB27BA6EBA004A5930 /* XCRemoteSwiftPackageReference "firebase-ios-sdk" */;
			productName = FirebaseAuth;
		};
		0ACDE5D027BA6EBA004A5930 /* FirebaseCrashlytics */ = {
			isa = XCSwiftPackageProductDependency;
			package = 0ACDE5CB27BA6EBA004A5930 /* XCRemoteSwiftPackageReference "firebase-ios-sdk" */;
			productName = FirebaseCrashlytics;
		};
		0ACDE5D227BA6EBA004A5930 /* FirebaseDatabase */ = {
			isa = XCSwiftPackageProductDependency;
			package = 0ACDE5CB27BA6EBA004A5930 /* XCRemoteSwiftPackageReference "firebase-ios-sdk" */;
			productName = FirebaseDatabase;
		};
		0ACDE5D427BA6EBA004A5930 /* FirebaseFirestore */ = {
			isa = XCSwiftPackageProductDependency;
			package = 0ACDE5CB27BA6EBA004A5930 /* XCRemoteSwiftPackageReference "firebase-ios-sdk" */;
			productName = FirebaseFirestore;
		};
		0ACDE5D627BA6EBA004A5930 /* FirebaseInAppMessaging-Beta */ = {
			isa = XCSwiftPackageProductDependency;
			package = 0ACDE5CB27BA6EBA004A5930 /* XCRemoteSwiftPackageReference "firebase-ios-sdk" */;
			productName = "FirebaseInAppMessaging-Beta";
		};
		0ACDE5D827BA6EBA004A5930 /* FirebaseInAppMessagingSwift-Beta */ = {
			isa = XCSwiftPackageProductDependency;
			package = 0ACDE5CB27BA6EBA004A5930 /* XCRemoteSwiftPackageReference "firebase-ios-sdk" */;
			productName = "FirebaseInAppMessagingSwift-Beta";
		};
		0ACDE5DA27BA6EBA004A5930 /* FirebaseStorage */ = {
			isa = XCSwiftPackageProductDependency;
			package = 0ACDE5CB27BA6EBA004A5930 /* XCRemoteSwiftPackageReference "firebase-ios-sdk" */;
			productName = FirebaseStorage;
		};
/* End XCSwiftPackageProductDependency section */
	};
	rootObject = FF03867327BA653E0000A7C9 /* Project object */;
}
